
Microsoft Visual Studio Solution File, Format Version 12.00
# Visual Studio Version 16
VisualStudioVersion = 16.0.31424.327
MinimumVisualStudioVersion = 10.0.40219.1
Project("{FAE04EC0-301F-11D3-BF4B-00C04F79EFBC}") = "WebToDo", "WebToDo.csproj", "{632C8C0C-87B2-4B0B-AA4A-8DC3E98924E2}"
EndProject
Global
	GlobalSection(SolutionConfigurationPlatforms) = preSolution
		Debug|Any CPU = Debug|Any CPU
		Release|Any CPU = Release|Any CPU
	EndGlobalSection
	GlobalSection(ProjectConfigurationPlatforms) = postSolution
		{632C8C0C-87B2-4B0B-AA4A-8DC3E98924E2}.Debug|Any CPU.ActiveCfg = Debug|Any CPU
		{632C8C0C-87B2-4B0B-AA4A-8DC3E98924E2}.Debug|Any CPU.Build.0 = Debug|Any CPU
		{632C8C0C-87B2-4B0B-AA4A-8DC3E98924E2}.Release|Any CPU.ActiveCfg = Release|Any CPU
		{632C8C0C-87B2-4B0B-AA4A-8DC3E98924E2}.Release|Any CPU.Build.0 = Release|Any CPU
	EndGlobalSection
	GlobalSection(SolutionProperties) = preSolution
		HideSolutionNode = FALSE
	EndGlobalSection
	GlobalSection(ExtensibilityGlobals) = postSolution
		SolutionGuid = {BE73EF02-E8EA-48E6-B817-0E13BF1C16E7}
	EndGlobalSection
EndGlobal
